
Microsoft Visual Studio Solution File, Format Version 12.00
# Visual Studio Version 16
VisualStudioVersion = 16.0.30413.136
MinimumVisualStudioVersion = 10.0.40219.1
Project("{FAE04EC0-301F-11D3-BF4B-00C04F79EFBC}") = "LinqFundamentals", "LinqFundamentals\LinqFundamentals.csproj", "{D9567A26-8DE8-4F9B-BD8B-BB2069B98EE7}"
EndProject
Project("{FAE04EC0-301F-11D3-BF4B-00C04F79EFBC}") = "Features", "Features\Features.csproj", "{456A947C-E875-4A51-812F-C46DC33DFEF0}"
EndProject
Global
	GlobalSection(SolutionConfigurationPlatforms) = preSolution
		Debug|Any CPU = Debug|Any CPU
		Release|Any CPU = Release|Any CPU
	EndGlobalSection
	GlobalSection(ProjectConfigurationPlatforms) = postSolution
		{D9567A26-8DE8-4F9B-BD8B-BB2069B98EE7}.Debug|Any CPU.ActiveCfg = Debug|Any CPU
		{D9567A26-8DE8-4F9B-BD8B-BB2069B98EE7}.Debug|Any CPU.Build.0 = Debug|Any CPU
		{D9567A26-8DE8-4F9B-BD8B-BB2069B98EE7}.Release|Any CPU.ActiveCfg = Release|Any CPU
		{D9567A26-8DE8-4F9B-BD8B-BB2069B98EE7}.Release|Any CPU.Build.0 = Release|Any CPU
		{456A947C-E875-4A51-812F-C46DC33DFEF0}.Debug|Any CPU.ActiveCfg = Debug|Any CPU
		{456A947C-E875-4A51-812F-C46DC33DFEF0}.Debug|Any CPU.Build.0 = Debug|Any CPU
		{456A947C-E875-4A51-812F-C46DC33DFEF0}.Release|Any CPU.ActiveCfg = Release|Any CPU
		{456A947C-E875-4A51-812F-C46DC33DFEF0}.Release|Any CPU.Build.0 = Release|Any CPU
	EndGlobalSection
	GlobalSection(SolutionProperties) = preSolution
		HideSolutionNode = FALSE
	EndGlobalSection
	GlobalSection(ExtensibilityGlobals) = postSolution
		SolutionGuid = {A9B4C4C9-DE86-486A-9D94-AB0E92496763}
	EndGlobalSection
EndGlobal
